
Microsoft Visual Studio Solution File, Format Version 12.00
# Visual Studio Version 16
VisualStudioVersion = 16.0.30413.136
MinimumVisualStudioVersion = 10.0.40219.1
Project("{FAE04EC0-301F-11D3-BF4B-00C04F79EFBC}") = "WorkerServiceVkService", "WorkerServiceVkService.csproj", "{DC561DBF-7186-47A6-BC2F-D45303B0EA0F}"
EndProject
Global
	GlobalSection(SolutionConfigurationPlatforms) = preSolution
		Debug|Any CPU = Debug|Any CPU
		Release|Any CPU = Release|Any CPU
	EndGlobalSection
	GlobalSection(ProjectConfigurationPlatforms) = postSolution
		{DC561DBF-7186-47A6-BC2F-D45303B0EA0F}.Debug|Any CPU.ActiveCfg = Debug|Any CPU
		{DC561DBF-7186-47A6-BC2F-D45303B0EA0F}.Debug|Any CPU.Build.0 = Debug|Any CPU
		{DC561DBF-7186-47A6-BC2F-D45303B0EA0F}.Release|Any CPU.ActiveCfg = Release|Any CPU
		{DC561DBF-7186-47A6-BC2F-D45303B0EA0F}.Release|Any CPU.Build.0 = Release|Any CPU
	EndGlobalSection
	GlobalSection(SolutionProperties) = preSolution
		HideSolutionNode = FALSE
	EndGlobalSection
	GlobalSection(ExtensibilityGlobals) = postSolution
		SolutionGuid = {4A8F7D11-A315-40B5-A1CC-46324F1ADD95}
	EndGlobalSection
EndGlobal
